<?xml version="1.0" encoding="utf-8"?>
<Project ToolsVersion="4.0" xmlns="http://schemas.microsoft.com/developer/msbuild/2003">
  <ItemGroup>
    <Filter Include="Source Files">
      <UniqueIdentifier>{e8dfbd34-ce4f-4b75-a194-226ecb5f63b7}</UniqueIdentifier>
      <Extensions>cpp;c;cxx;rc;def;r;odl;idl;hpj;bat</Extensions>
    </Filter>
    <Filter Include="Header Files">
      <UniqueIdentifier>{9060a6cd-8261-49fa-b8f0-fe3aff5b982d}</UniqueIdentifier>
      <Extensions>h;hpp;hxx;hm;inl</Extensions>
    </Filter>
  </ItemGroup>
  <ItemGroup>
    <ClCompile Include="dsutil.cpp">
      <Filter>Source Files</Filter>
    </ClCompile>
    <ClCompile Include="LcFont.cpp">
      <Filter>Source Files</Filter>
    </ClCompile>
    <ClCompile Include="LcInput.cpp">
      <Filter>Source Files</Filter>
    </ClCompile>
    <ClCompile Include="LcModel.cpp">
      <Filter>Source Files</Filter>
    </ClCompile>
    <ClCompile Include="LcsLib.cpp">
      <Filter>Source Files</Filter>
    </ClCompile>
    <ClCompile Include="LcSound.cpp">
      <Filter>Source Files</Filter>
    </ClCompile>
    <ClCompile Include="LcSpriteX.cpp">
      <Filter>Source Files</Filter>
    </ClCompile>
    <ClCompile Include="LcTexture.cpp">
      <Filter>Source Files</Filter>
    </ClCompile>
  </ItemGroup>
  <ItemGroup>
    <ClInclude Include="dsutil.h">
      <Filter>Header Files</Filter>
    </ClInclude>
    <ClInclude Include="ILcFont.h">
      <Filter>Header Files</Filter>
    </ClInclude>
    <ClInclude Include="ILcInput.h">
      <Filter>Header Files</Filter>
    </ClInclude>
    <ClInclude Include="ILcModel.h">
      <Filter>Header Files</Filter>
    </ClInclude>
    <ClInclude Include="ILcSound.h">
      <Filter>Header Files</Filter>
    </ClInclude>
    <ClInclude Include="ILcSpriteX.h">
      <Filter>Header Files</Filter>
    </ClInclude>
    <ClInclude Include="ILcTexture.h">
      <Filter>Header Files</Filter>
    </ClInclude>
    <ClInclude Include="LcsLib.h">
      <Filter>Header Files</Filter>
    </ClInclude>
  </ItemGroup>
</Project>