
Microsoft Visual Studio Solution File, Format Version 12.00
# Visual Studio Version 16
VisualStudioVersion = 16.0.36128.20
MinimumVisualStudioVersion = 10.0.40219.1
Project("{8BC9CEB8-8B4A-11D0-8D11-00A0C91BC942}") = "SpBasic", "SpBasic.vcxproj", "{CBFF77C5-A89B-48F7-B0EF-CE185C4A3301}"
EndProject
Global
	GlobalSection(SolutionConfigurationPlatforms) = preSolution
		Debug|x86 = Debug|x86
		Release|x86 = Release|x86
	EndGlobalSection
	GlobalSection(ProjectConfigurationPlatforms) = postSolution
		{CBFF77C5-A89B-48F7-B0EF-CE185C4A3301}.Debug|x86.ActiveCfg = Debug|Win32
		{CBFF77C5-A89B-48F7-B0EF-CE185C4A3301}.Debug|x86.Build.0 = Debug|Win32
		{CBFF77C5-A89B-48F7-B0EF-CE185C4A3301}.Release|x86.ActiveCfg = Release|Win32
		{CBFF77C5-A89B-48F7-B0EF-CE185C4A3301}.Release|x86.Build.0 = Release|Win32
	EndGlobalSection
	GlobalSection(SolutionProperties) = preSolution
		HideSolutionNode = FALSE
	EndGlobalSection
	GlobalSection(ExtensibilityGlobals) = postSolution
		SolutionGuid = {5A236F35-332C-4492-949D-DD2CCC3B04A7}
	EndGlobalSection
EndGlobal
